// !$*UTF8*$!
{
	archiveVersion = 1;
	classes = {
	};
	objectVersion = 55;
	objects = {

/* Begin PBXBuildFile section */
		6F4AC7EF27F72F9A00D572AB /* ViewController.swift in Sources */ = {isa = PBXBuildFile; fileRef = 6F4AC7EE27F72F9A00D572AB /* ViewController.swift */; };
		6F82721527F5A395005F5BCC /* GoodVibesApp.swift in Sources */ = {isa = PBXBuildFile; fileRef = 6F82721427F5A395005F5BCC /* GoodVibesApp.swift */; };
		6F82721727F5A395005F5BCC /* ContentView.swift in Sources */ = {isa = PBXBuildFile; fileRef = 6F82721627F5A395005F5BCC /* ContentView.swift */; };
		6F82721927F5A397005F5BCC /* Assets.xcassets in Resources */ = {isa = PBXBuildFile; fileRef = 6F82721827F5A397005F5BCC /* Assets.xcassets */; };
		6F82721C27F5A397005F5BCC /* Preview Assets.xcassets in Resources */ = {isa = PBXBuildFile; fileRef = 6F82721B27F5A397005F5BCC /* Preview Assets.xcassets */; };
		6F82722527F5D345005F5BCC /* Vibes.swift in Sources */ = {isa = PBXBuildFile; fileRef = 6F82722427F5D345005F5BCC /* Vibes.swift */; };
		6FE4848F27F6090B008B5E0C /* Storyboard.storyboard in Resources */ = {isa = PBXBuildFile; fileRef = 6FE4848E27F6090B008B5E0C /* Storyboard.storyboard */; };
		6FE4849127F636BE008B5E0C /* LogoView.swift in Sources */ = {isa = PBXBuildFile; fileRef = 6FE4849027F636BE008B5E0C /* LogoView.swift */; };
		6FE4849327F636FE008B5E0C /* VibeView.swift in Sources */ = {isa = PBXBuildFile; fileRef = 6FE4849227F636FE008B5E0C /* VibeView.swift */; };
		6FE4849527F63874008B5E0C /* VibeButton.swift in Sources */ = {isa = PBXBuildFile; fileRef = 6FE4849427F63874008B5E0C /* VibeButton.swift */; };
/* End PBXBuildFile section */

/* Begin PBXFileReference section */
		6F4AC7EE27F72F9A00D572AB /* ViewController.swift */ = {isa = PBXFileReference; lastKnownFileType = sourcecode.swift; path = ViewController.swift; sourceTree = "<group>"; };
		6F82721127F5A395005F5BCC /* GoodVibes.app */ = {isa = PBXFileReference; explicitFileType = wrapper.application; includeInIndex = 0; path = GoodVibes.app; sourceTree = BUILT_PRODUCTS_DIR; };
		6F82721427F5A395005F5BCC /* GoodVibesApp.swift */ = {isa = PBXFileReference; lastKnownFileType = sourcecode.swift; path = GoodVibesApp.swift; sourceTree = "<group>"; };
		6F82721627F5A395005F5BCC /* ContentView.swift */ = {isa = PBXFileReference; lastKnownFileType = sourcecode.swift; path = ContentView.swift; sourceTree = "<group>"; };
		6F82721827F5A397005F5BCC /* Assets.xcassets */ = {isa = PBXFileReference; lastKnownFileType = folder.assetcatalog; path = Assets.xcassets; sourceTree = "<group>"; };
		6F82721B27F5A397005F5BCC /* Preview Assets.xcassets */ = {isa = PBXFileReference; lastKnownFileType = folder.assetcatalog; path = "Preview Assets.xcassets"; sourceTree = "<group>"; };
		6F82722427F5D345005F5BCC /* Vibes.swift */ = {isa = PBXFileReference; lastKnownFileType = sourcecode.swift; path = Vibes.swift; sourceTree = "<group>"; };
		6FE4848E27F6090B008B5E0C /* Storyboard.storyboard */ = {isa = PBXFileReference; lastKnownFileType = file.storyboard; path = Storyboard.storyboard; sourceTree = "<group>"; };
		6FE4849027F636BE008B5E0C /* LogoView.swift */ = {isa = PBXFileReference; lastKnownFileType = sourcecode.swift; path = LogoView.swift; sourceTree = "<group>"; };
		6FE4849227F636FE008B5E0C /* VibeView.swift */ = {isa = PBXFileReference; lastKnownFileType = sourcecode.swift; path = VibeView.swift; sourceTree = "<group>"; };
		6FE4849427F63874008B5E0C /* VibeButton.swift */ = {isa = PBXFileReference; lastKnownFileType = sourcecode.swift; path = VibeButton.swift; sourceTree = "<group>"; };
/* End PBXFileReference section */

/* Begin PBXFrameworksBuildPhase section */
		6F82720E27F5A395005F5BCC /* Frameworks */ = {
			isa = PBXFrameworksBuildPhase;
			buildActionMask = 2147483647;
			files = (
			);
			runOnlyForDeploymentPostprocessing = 0;
		};
/* End PBXFrameworksBuildPhase section */

/* Begin PBXGroup section */
		6F82720827F5A395005F5BCC = {
			isa = PBXGroup;
			children = (
				6F82721327F5A395005F5BCC /* GoodVibes */,
				6F82721227F5A395005F5BCC /* Products */,
			);
			sourceTree = "<group>";
		};
		6F82721227F5A395005F5BCC /* Products */ = {
			isa = PBXGroup;
			children = (
				6F82721127F5A395005F5BCC /* GoodVibes.app */,
			);
			name = Products;
			sourceTree = "<group>";
		};
		6F82721327F5A395005F5BCC /* GoodVibes */ = {
			isa = PBXGroup;
			children = (
				6F82721427F5A395005F5BCC /* GoodVibesApp.swift */,
				6F82721627F5A395005F5BCC /* ContentView.swift */,
				6FE4849427F63874008B5E0C /* VibeButton.swift */,
				6FE4849227F636FE008B5E0C /* VibeView.swift */,
				6FE4849027F636BE008B5E0C /* LogoView.swift */,
				6F82722427F5D345005F5BCC /* Vibes.swift */,
				6FE4848E27F6090B008B5E0C /* Storyboard.storyboard */,
				6F4AC7EE27F72F9A00D572AB /* ViewController.swift */,
				6F82721827F5A397005F5BCC /* Assets.xcassets */,
				6F82721A27F5A397005F5BCC /* Preview Content */,
			);
			path = GoodVibes;
			sourceTree = "<group>";
		};
		6F82721A27F5A397005F5BCC /* Preview Content */ = {
			isa = PBXGroup;
			children = (
				6F82721B27F5A397005F5BCC /* Preview Assets.xcassets */,
			);
			path = "Preview Content";
			sourceTree = "<group>";
		};
/* End PBXGroup section */

/* Begin PBXNativeTarget section */
		6F82721027F5A395005F5BCC /* GoodVibes */ = {
			isa = PBXNativeTarget;
			buildConfigurationList = 6F82721F27F5A397005F5BCC /* Build configuration list for PBXNativeTarget "GoodVibes" */;
			buildPhases = (
				6F82720D27F5A395005F5BCC /* Sources */,
				6F82720E27F5A395005F5BCC /* Frameworks */,
				6F82720F27F5A395005F5BCC /* Resources */,
			);
			buildRules = (
			);
			dependencies = (
			);
			name = GoodVibes;
			productName = GoodVibes;
			productReference = 6F82721127F5A395005F5BCC /* GoodVibes.app */;
			productType = "com.apple.product-type.application";
		};
/* End PBXNativeTarget section */

/* Begin PBXProject section */
		6F82720927F5A395005F5BCC /* Project object */ = {
			isa = PBXProject;
			attributes = {
				BuildIndependentTargetsInParallel = 1;
				LastSwiftUpdateCheck = 1330;
				LastUpgradeCheck = 1330;
				TargetAttributes = {
					6F82721027F5A395005F5BCC = {
						CreatedOnToolsVersion = 13.3;
					};
				};
			};
			buildConfigurationList = 6F82720C27F5A395005F5BCC /* Build configuration list for PBXProject "GoodVibes" */;
			compatibilityVersion = "Xcode 13.0";
			developmentRegion = en;
			hasScannedForEncodings = 0;
			knownRegions = (
				en,
				Base,
			);
			mainGroup = 6F82720827F5A395005F5BCC;
			productRefGroup = 6F82721227F5A395005F5BCC /* Products */;
			projectDirPath = "";
			projectRoot = "";
			targets = (
				6F82721027F5A395005F5BCC /* GoodVibes */,
			);
		};
/* End PBXProject section */

/* Begin PBXResourcesBuildPhase section */
		6F82720F27F5A395005F5BCC /* Resources */ = {
			isa = PBXResourcesBuildPhase;
			buildActionMask = 2147483647;
			files = (
				6F82721C27F5A397005F5BCC /* Preview Assets.xcassets in Resources */,
				6F82721927F5A397005F5BCC /* Assets.xcassets in Resources */,
				6FE4848F27F6090B008B5E0C /* Storyboard.storyboard in Resources */,
			);
			runOnlyForDeploymentPostprocessing = 0;
		};
/* End PBXResourcesBuildPhase section */

/* Begin PBXSourcesBuildPhase section */
		6F82720D27F5A395005F5BCC /* Sources */ = {
			isa = PBXSourcesBuildPhase;
			buildActionMask = 2147483647;
			files = (
				6F82722527F5D345005F5BCC /* Vibes.swift in Sources */,
				6FE4849527F63874008B5E0C /* VibeButton.swift in Sources */,
				6FE4849127F636BE008B5E0C /* LogoView.swift in Sources */,
				6FE4849327F636FE008B5E0C /* VibeView.swift in Sources */,
				6F4AC7EF27F72F9A00D572AB /* ViewController.swift in Sources */,
				6F82721727F5A395005F5BCC /* ContentView.swift in Sources */,
				6F82721527F5A395005F5BCC /* GoodVibesApp.swift in Sources */,
			);
			runOnlyForDeploymentPostprocessing = 0;
		};
/* End PBXSourcesBuildPhase section */

/* Begin XCBuildConfiguration section */
		6F82721D27F5A397005F5BCC /* Debug */ = {
			isa = XCBuildConfiguration;
			buildSettings = {
				ALWAYS_SEARCH_USER_PATHS = NO;
				CLANG_ANALYZER_NONNULL = YES;
				CLANG_ANALYZER_NUMBER_OBJECT_CONVERSION = YES_AGGRESSIVE;
				CLANG_CXX_LANGUAGE_STANDARD = "gnu++17";
				CLANG_ENABLE_MODULES = YES;
				CLANG_ENABLE_OBJC_ARC = YES;
				CLANG_ENABLE_OBJC_WEAK = YES;
				CLANG_WARN_BLOCK_CAPTURE_AUTORELEASING = YES;
				CLANG_WARN_BOOL_CONVERSION = YES;
				CLANG_WARN_COMMA = YES;
				CLANG_WARN_CONSTANT_CONVERSION = YES;
				CLANG_WARN_DEPRECATED_OBJC_IMPLEMENTATIONS = YES;
				CLANG_WARN_DIRECT_OBJC_ISA_USAGE = YES_ERROR;
				CLANG_WARN_DOCUMENTATION_COMMENTS = YES;
				CLANG_WARN_EMPTY_BODY = YES;
				CLANG_WARN_ENUM_CONVERSION = YES;
				CLANG_WARN_INFINITE_RECURSION = YES;
				CLANG_WARN_INT_CONVERSION = YES;
				CLANG_WARN_NON_LITERAL_NULL_CONVERSION = YES;
				CLANG_WARN_OBJC_IMPLICIT_RETAIN_SELF = YES;
				CLANG_WARN_OBJC_LITERAL_CONVERSION = YES;
				CLANG_WARN_OBJC_ROOT_CLASS = YES_ERROR;
				CLANG_WARN_QUOTED_INCLUDE_IN_FRAMEWORK_HEADER = YES;
				CLANG_WARN_RANGE_LOOP_ANALYSIS = YES;
				CLANG_WARN_STRICT_PROTOTYPES = YES;
				CLANG_WARN_SUSPICIOUS_MOVE = YES;
				CLANG_WARN_UNGUARDED_AVAILABILITY = YES_AGGRESSIVE;
				CLANG_WARN_UNREACHABLE_CODE = YES;
				CLANG_WARN__DUPLICATE_METHOD_MATCH = YES;
				COPY_PHASE_STRIP = NO;
				DEBUG_INFORMATION_FORMAT = dwarf;
				ENABLE_STRICT_OBJC_MSGSEND = YES;
				ENABLE_TESTABILITY = YES;
				GCC_C_LANGUAGE_STANDARD = gnu11;
				GCC_DYNAMIC_NO_PIC = NO;
				GCC_NO_COMMON_BLOCKS = YES;
				GCC_OPTIMIZATION_LEVEL = 0;
				GCC_PREPROCESSOR_DEFINITIONS = (
					"DEBUG=1",
					"$(inherited)",
				);
				GCC_WARN_64_TO_32_BIT_CONVERSION = YES;
				GCC_WARN_ABOUT_RETURN_TYPE = YES_ERROR;
				GCC_WARN_UNDECLARED_SELECTOR = YES;
				GCC_WARN_UNINITIALIZED_AUTOS = YES_AGGRESSIVE;
				GCC_WARN_UNUSED_FUNCTION = YES;
				GCC_WARN_UNUSED_VARIABLE = YES;
				IPHONEOS_DEPLOYMENT_TARGET = 15.0;
				MTL_ENABLE_DEBUG_INFO = INCLUDE_SOURCE;
				MTL_FAST_MATH = YES;
				ONLY_ACTIVE_ARCH = YES;
				SDKROOT = iphoneos;
				SWIFT_ACTIVE_COMPILATION_CONDITIONS = DEBUG;
				SWIFT_OPTIMIZATION_LEVEL = "-Onone";
			};
			name = Debug;
		};
		6F82721E27F5A397005F5BCC /* Release */ = {
			isa = XCBuildConfiguration;
			buildSettings = {
				ALWAYS_SEARCH_USER_PATHS = NO;
				CLANG_ANALYZER_NONNULL = YES;
				CLANG_ANALYZER_NUMBER_OBJECT_CONVERSION = YES_AGGRESSIVE;
				CLANG_CXX_LANGUAGE_STANDARD = "gnu++17";
				CLANG_ENABLE_MODULES = YES;
				CLANG_ENABLE_OBJC_ARC = YES;
				CLANG_ENABLE_OBJC_WEAK = YES;
				CLANG_WARN_BLOCK_CAPTURE_AUTORELEASING = YES;
				CLANG_WARN_BOOL_CONVERSION = YES;
				CLANG_WARN_COMMA = YES;
				CLANG_WARN_CONSTANT_CONVERSION = YES;
				CLANG_WARN_DEPRECATED_OBJC_IMPLEMENTATIONS = YES;
				CLANG_WARN_DIRECT_OBJC_ISA_USAGE = YES_ERROR;
				CLANG_WARN_DOCUMENTATION_COMMENTS = YES;
				CLANG_WARN_EMPTY_BODY = YES;
				CLANG_WARN_ENUM_CONVERSION = YES;
				CLANG_WARN_INFINITE_RECURSION = YES;
				CLANG_WARN_INT_CONVERSION = YES;
				CLANG_WARN_NON_LITERAL_NULL_CONVERSION = YES;
				CLANG_WARN_OBJC_IMPLICIT_RETAIN_SELF = YES;
				CLANG_WARN_OBJC_LITERAL_CONVERSION = YES;
				CLANG_WARN_OBJC_ROOT_CLASS = YES_ERROR;
				CLANG_WARN_QUOTED_INCLUDE_IN_FRAMEWORK_HEADER = YES;
				CLANG_WARN_RANGE_LOOP_ANALYSIS = YES;
				CLANG_WARN_STRICT_PROTOTYPES = YES;
				CLANG_WARN_SUSPICIOUS_MOVE = YES;
				CLANG_WARN_UNGUARDED_AVAILABILITY = YES_AGGRESSIVE;
				CLANG_WARN_UNREACHABLE_CODE = YES;
				CLANG_WARN__DUPLICATE_METHOD_MATCH = YES;
				COPY_PHASE_STRIP = NO;
				DEBUG_INFORMATION_FORMAT = "dwarf-with-dsym";
				ENABLE_NS_ASSERTIONS = NO;
				ENABLE_STRICT_OBJC_MSGSEND = YES;
				GCC_C_LANGUAGE_STANDARD = gnu11;
				GCC_NO_COMMON_BLOCKS = YES;
				GCC_WARN_64_TO_32_BIT_CONVERSION = YES;
				GCC_WARN_ABOUT_RETURN_TYPE = YES_ERROR;
				GCC_WARN_UNDECLARED_SELECTOR = YES;
				GCC_WARN_UNINITIALIZED_AUTOS = YES_AGGRESSIVE;
				GCC_WARN_UNUSED_FUNCTION = YES;
				GCC_WARN_UNUSED_VARIABLE = YES;
				IPHONEOS_DEPLOYMENT_TARGET = 15.0;
				MTL_ENABLE_DEBUG_INFO = NO;
				MTL_FAST_MATH = YES;
				SDKROOT = iphoneos;
				SWIFT_COMPILATION_MODE = wholemodule;
				SWIFT_OPTIMIZATION_LEVEL = "-O";
				VALIDATE_PRODUCT = YES;
			};
			name = Release;
		};
		6F82722027F5A397005F5BCC /* Debug */ = {
			isa = XCBuildConfiguration;
			buildSettings = {
				ASSETCATALOG_COMPILER_APPICON_NAME = AppIcon;
				ASSETCATALOG_COMPILER_GLOBAL_ACCENT_COLOR_NAME = AccentColor;
				CODE_SIGN_STYLE = Automatic;
				CURRENT_PROJECT_VERSION = 1;
				DEVELOPMENT_ASSET_PATHS = "\"GoodVibes/Preview Content\"";
				DEVELOPMENT_TEAM = 5T9Y5Q5TNK;
				ENABLE_PREVIEWS = YES;
				GENERATE_INFOPLIST_FILE = YES;
				INFOPLIST_KEY_UIApplicationSceneManifest_Generation = YES;
				INFOPLIST_KEY_UIApplicationSupportsIndirectInputEvents = YES;
				INFOPLIST_KEY_UILaunchScreen_Generation = YES;
				INFOPLIST_KEY_UISupportedInterfaceOrientations_iPad = "UIInterfaceOrientationPortrait UIInterfaceOrientationPortraitUpsideDown UIInterfaceOrientationLandscapeLeft UIInterfaceOrientationLandscapeRight";
				INFOPLIST_KEY_UISupportedInterfaceOrientations_iPhone = "UIInterfaceOrientationPortrait UIInterfaceOrientationLandscapeLeft UIInterfaceOrientationLandscapeRight";
				LD_RUNPATH_SEARCH_PATHS = (
					"$(inherited)",
					"@executable_path/Frameworks",
				);
				MARKETING_VERSION = 1.0;
				PRODUCT_BUNDLE_IDENTIFIER = com.leonardobertinelli.GoodVibes;
				PRODUCT_NAME = "$(TARGET_NAME)";
				SWIFT_EMIT_LOC_STRINGS = YES;
				SWIFT_VERSION = 5.0;
				TARGETED_DEVICE_FAMILY = 1;
			};
			name = Debug;
		};
		6F82722127F5A397005F5BCC /* Release */ = {
			isa = XCBuildConfiguration;
			buildSettings = {
				ASSETCATALOG_COMPILER_APPICON_NAME = AppIcon;
				ASSETCATALOG_COMPILER_GLOBAL_ACCENT_COLOR_NAME = AccentColor;
				CODE_SIGN_STYLE = Automatic;
				CURRENT_PROJECT_VERSION = 1;
				DEVELOPMENT_ASSET_PATHS = "\"GoodVibes/Preview Content\"";
				DEVELOPMENT_TEAM = 5T9Y5Q5TNK;
				ENABLE_PREVIEWS = YES;
				GENERATE_INFOPLIST_FILE = YES;
				INFOPLIST_KEY_UIApplicationSceneManifest_Generation = YES;
				INFOPLIST_KEY_UIApplicationSupportsIndirectInputEvents = YES;
				INFOPLIST_KEY_UILaunchScreen_Generation = YES;
				INFOPLIST_KEY_UISupportedInterfaceOrientations_iPad = "UIInterfaceOrientationPortrait UIInterfaceOrientationPortraitUpsideDown UIInterfaceOrientationLandscapeLeft UIInterfaceOrientationLandscapeRight";
				INFOPLIST_KEY_UISupportedInterfaceOrientations_iPhone = "UIInterfaceOrientationPortrait UIInterfaceOrientationLandscapeLeft UIInterfaceOrientationLandscapeRight";
				LD_RUNPATH_SEARCH_PATHS = (
					"$(inherited)",
					"@executable_path/Frameworks",
				);
				MARKETING_VERSION = 1.0;
				PRODUCT_BUNDLE_IDENTIFIER = com.leonardobertinelli.GoodVibes;
				PRODUCT_NAME = "$(TARGET_NAME)";
				SWIFT_EMIT_LOC_STRINGS = YES;
				SWIFT_VERSION = 5.0;
				TARGETED_DEVICE_FAMILY = 1;
			};
			name = Release;
		};
/* End XCBuildConfiguration section */

/* Begin XCConfigurationList section */
		6F82720C27F5A395005F5BCC /* Build configuration list for PBXProject "GoodVibes" */ = {
			isa = XCConfigurationList;
			buildConfigurations = (
				6F82721D27F5A397005F5BCC /* Debug */,
				6F82721E27F5A397005F5BCC /* Release */,
			);
			defaultConfigurationIsVisible = 0;
			defaultConfigurationName = Release;
		};
		6F82721F27F5A397005F5BCC /* Build configuration list for PBXNativeTarget "GoodVibes" */ = {
			isa = XCConfigurationList;
			buildConfigurations = (
				6F82722027F5A397005F5BCC /* Debug */,
				6F82722127F5A397005F5BCC /* Release */,
			);
			defaultConfigurationIsVisible = 0;
			defaultConfigurationName = Release;
		};
/* End XCConfigurationList section */
	};
	rootObject = 6F82720927F5A395005F5BCC /* Project object */;
}
